
Microsoft Visual Studio Solution File, Format Version 12.00
# Visual Studio 14
VisualStudioVersion = 14.0.25123.0
MinimumVisualStudioVersion = 10.0.40219.1
Project("{FAE04EC0-301F-11D3-BF4B-00C04F79EFBC}") = "CommandBindingDemo", "CommandBindingDemo\CommandBindingDemo.csproj", "{923CDB3E-CCF1-4A80-9685-A5E1A5A12C45}"
EndProject
Global
	GlobalSection(SolutionConfigurationPlatforms) = preSolution
		Debug|Any CPU = Debug|Any CPU
		Release|Any CPU = Release|Any CPU
	EndGlobalSection
	GlobalSection(ProjectConfigurationPlatforms) = postSolution
		{923CDB3E-CCF1-4A80-9685-A5E1A5A12C45}.Debug|Any CPU.ActiveCfg = Debug|Any CPU
		{923CDB3E-CCF1-4A80-9685-A5E1A5A12C45}.Debug|Any CPU.Build.0 = Debug|Any CPU
		{923CDB3E-CCF1-4A80-9685-A5E1A5A12C45}.Release|Any CPU.ActiveCfg = Release|Any CPU
		{923CDB3E-CCF1-4A80-9685-A5E1A5A12C45}.Release|Any CPU.Build.0 = Release|Any CPU
	EndGlobalSection
	GlobalSection(SolutionProperties) = preSolution
		HideSolutionNode = FALSE
	EndGlobalSection
EndGlobal
