
Microsoft Visual Studio Solution File, Format Version 12.00
# Visual Studio Version 17
VisualStudioVersion = 17.3.32922.545
MinimumVisualStudioVersion = 10.0.40219.1
Project("{FAE04EC0-301F-11D3-BF4B-00C04F79EFBC}") = "custom_commands", "custom_commands\custom_commands.csproj", "{B14F596D-D94D-47EA-A568-7E0286F43525}"
EndProject
Global
	GlobalSection(SolutionConfigurationPlatforms) = preSolution
		Debug|Any CPU = Debug|Any CPU
		Release|Any CPU = Release|Any CPU
	EndGlobalSection
	GlobalSection(ProjectConfigurationPlatforms) = postSolution
		{B14F596D-D94D-47EA-A568-7E0286F43525}.Debug|Any CPU.ActiveCfg = Debug|Any CPU
		{B14F596D-D94D-47EA-A568-7E0286F43525}.Debug|Any CPU.Build.0 = Debug|Any CPU
		{B14F596D-D94D-47EA-A568-7E0286F43525}.Release|Any CPU.ActiveCfg = Release|Any CPU
		{B14F596D-D94D-47EA-A568-7E0286F43525}.Release|Any CPU.Build.0 = Release|Any CPU
	EndGlobalSection
	GlobalSection(SolutionProperties) = preSolution
		HideSolutionNode = FALSE
	EndGlobalSection
	GlobalSection(ExtensibilityGlobals) = postSolution
		SolutionGuid = {9FF30800-2588-4B04-AA1B-65C6D3DC1D52}
	EndGlobalSection
EndGlobal
