
Microsoft Visual Studio Solution File, Format Version 12.00
# Visual Studio Version 17
VisualStudioVersion = 17.3.32922.545
MinimumVisualStudioVersion = 10.0.40219.1
Project("{FAE04EC0-301F-11D3-BF4B-00C04F79EFBC}") = "data_templates", "data_templates\data_templates.csproj", "{F5676196-7869-4F17-A092-909B83C96AD3}"
EndProject
Global
	GlobalSection(SolutionConfigurationPlatforms) = preSolution
		Debug|Any CPU = Debug|Any CPU
		Release|Any CPU = Release|Any CPU
	EndGlobalSection
	GlobalSection(ProjectConfigurationPlatforms) = postSolution
		{F5676196-7869-4F17-A092-909B83C96AD3}.Debug|Any CPU.ActiveCfg = Debug|Any CPU
		{F5676196-7869-4F17-A092-909B83C96AD3}.Debug|Any CPU.Build.0 = Debug|Any CPU
		{F5676196-7869-4F17-A092-909B83C96AD3}.Release|Any CPU.ActiveCfg = Release|Any CPU
		{F5676196-7869-4F17-A092-909B83C96AD3}.Release|Any CPU.Build.0 = Release|Any CPU
	EndGlobalSection
	GlobalSection(SolutionProperties) = preSolution
		HideSolutionNode = FALSE
	EndGlobalSection
	GlobalSection(ExtensibilityGlobals) = postSolution
		SolutionGuid = {99987457-4365-40F1-B58F-5DEB093A36E1}
	EndGlobalSection
EndGlobal
